
Microsoft Visual Studio Solution File, Format Version 12.00
# Visual Studio Version 17
VisualStudioVersion = 17.3.32825.248
MinimumVisualStudioVersion = 10.0.40219.1
Project("{8BC9CEB8-8B4A-11D0-8D11-00A0C91BC942}") = "Chap3-1", "Chap04\Chap04.vcxproj", "{930CAAB2-C10E-4009-9B4C-C9B09DE4DC82}"
EndProject
Project("{8BC9CEB8-8B4A-11D0-8D11-00A0C91BC942}") = "Chap3-2", "Chap3-2\Chap3-2.vcxproj", "{8A4B41B4-0B04-4661-BBDD-E35E708F90C2}"
EndProject
Project("{8BC9CEB8-8B4A-11D0-8D11-00A0C91BC942}") = "Chap3-3", "Chap3-3\Chap3-3.vcxproj", "{931BF544-F46C-4AD1-87D7-E10695E49EC5}"
EndProject
Project("{8BC9CEB8-8B4A-11D0-8D11-00A0C91BC942}") = "Chap3-4", "Chap3-4\Chap3-4.vcxproj", "{68103279-0492-4886-9D9C-E9B9B2043BA2}"
EndProject
Project("{8BC9CEB8-8B4A-11D0-8D11-00A0C91BC942}") = "Chap3-7", "Chap3-7\Chap3-7.vcxproj", "{50E29FD0-A678-4956-BAEC-38BCC756E0BB}"
EndProject
Project("{8BC9CEB8-8B4A-11D0-8D11-00A0C91BC942}") = "Chap3-5", "Chap3-5\Chap3-5.vcxproj", "{6A584E48-4F4E-4E43-827F-AEC2C42F2F7F}"
EndProject
Project("{8BC9CEB8-8B4A-11D0-8D11-00A0C91BC942}") = "Chap4-1", "Chap04-1\Chap04-1.vcxproj", "{AF07001C-B2FC-471B-8211-E7631BF602BD}"
EndProject
Project("{8BC9CEB8-8B4A-11D0-8D11-00A0C91BC942}") = "Chap4-2", "Chap4-2\Chap4-2.vcxproj", "{5E5E414B-CA9A-4327-8D51-6A9CB2F5100B}"
EndProject
Project("{8BC9CEB8-8B4A-11D0-8D11-00A0C91BC942}") = "Chap4-3", "Chap4-3\Chap4-3.vcxproj", "{639715D8-F996-422B-99D5-8557D2502345}"
EndProject
Project("{8BC9CEB8-8B4A-11D0-8D11-00A0C91BC942}") = "Chap4-5", "Chap4-5\Chap4-5.vcxproj", "{C0E6CA29-62C9-400A-A66E-67B1AD43FBB2}"
EndProject
Project("{8BC9CEB8-8B4A-11D0-8D11-00A0C91BC942}") = "Chap4-6", "Chap4-6\Chap4-6.vcxproj", "{626F0108-42A8-439B-ACF3-5B53A9B37A80}"
EndProject
Project("{8BC9CEB8-8B4A-11D0-8D11-00A0C91BC942}") = "Chap4-7", "Chap4-7\Chap4-7.vcxproj", "{9C32FBA3-DC1F-4D3C-996E-14B7E6B4B3E4}"
EndProject
Project("{8BC9CEB8-8B4A-11D0-8D11-00A0C91BC942}") = "Chap4-8", "Chap1-8\Chap1-8.vcxproj", "{173A817C-0482-47FF-B0CD-1D9E2C8C5495}"
EndProject
Project("{8BC9CEB8-8B4A-11D0-8D11-00A0C91BC942}") = "Chap4-9", "Chap4-8\Chap4-8.vcxproj", "{F6018699-C4E1-4D55-BAC6-BE79935CEA28}"
EndProject
Project("{8BC9CEB8-8B4A-11D0-8D11-00A0C91BC942}") = "Chap4-10", "Chap4-10\Chap4-10.vcxproj", "{56CB837E-C1A8-4431-B1F0-B9FD086FAFC2}"
EndProject
Project("{8BC9CEB8-8B4A-11D0-8D11-00A0C91BC942}") = "Chap4-12", "Chap4-12\Chap4-12.vcxproj", "{EC944D4C-1D4F-4DBD-B1A0-87BB7A817BD6}"
EndProject
Project("{8BC9CEB8-8B4A-11D0-8D11-00A0C91BC942}") = "Chap4-13", "Chap4-13\Chap4-13.vcxproj", "{8682217D-36D0-4613-9CA4-7D66ACBD56AC}"
EndProject
Project("{8BC9CEB8-8B4A-11D0-8D11-00A0C91BC942}") = "Chap05-1", "Chap05-1\Chap05-1.vcxproj", "{582F66D5-0F11-4EF6-A4FC-048E9AE18B95}"
EndProject
Project("{8BC9CEB8-8B4A-11D0-8D11-00A0C91BC942}") = "ex예제5-1", "ex5-1\ex5-1.vcxproj", "{C98DE277-3C58-491B-AFFD-55FEB8B78684}"
EndProject
Project("{8BC9CEB8-8B4A-11D0-8D11-00A0C91BC942}") = "Chap05-3", "Chap05-\Chap05-.vcxproj", "{7DB5665B-DD73-4376-A1ED-A863EA606A4D}"
EndProject
Project("{8BC9CEB8-8B4A-11D0-8D11-00A0C91BC942}") = "Chap05-4", "Chap05-4\Chap05-4.vcxproj", "{9B9A11D2-D2D9-4A9C-A8B1-EC89AE92EE43}"
EndProject
Project("{8BC9CEB8-8B4A-11D0-8D11-00A0C91BC942}") = "Chap05-5", "Chap05-5\Chap05-5.vcxproj", "{CA9F7A54-1676-46D7-BC4D-744B8464CA7A}"
EndProject
Project("{8BC9CEB8-8B4A-11D0-8D11-00A0C91BC942}") = "Chap05-6", "Chap05-6\Chap05-6.vcxproj", "{AC90CEEA-46B8-410D-92FF-42EB05A8C27C}"
EndProject
Project("{8BC9CEB8-8B4A-11D0-8D11-00A0C91BC942}") = "Chap05-8", "Chap05-8\Chap05-8.vcxproj", "{652E1AF7-AAE6-43B8-947E-6BC6353CD8CE}"
EndProject
Project("{8BC9CEB8-8B4A-11D0-8D11-00A0C91BC942}") = "Chap05-9", "Chap05-9\Chap05-9.vcxproj", "{20314653-2B5B-44D6-AD09-0DF9870B7F2B}"
EndProject
Project("{8BC9CEB8-8B4A-11D0-8D11-00A0C91BC942}") = "Chap05-10", "Chap05-10\Chap05-10.vcxproj", "{7C28E007-BBE0-4DA2-A546-DB0485AE156D}"
EndProject
Project("{8BC9CEB8-8B4A-11D0-8D11-00A0C91BC942}") = "Chap05-11", "Chap05-11\Chap05-11.vcxproj", "{B6F4F945-B86C-4BFA-9412-FD5B22157121}"
EndProject
Project("{8BC9CEB8-8B4A-11D0-8D11-00A0C91BC942}") = "Chap05-12", "Chap05-12\Chap05-12.vcxproj", "{94F2416F-3B99-4844-AC0E-A0B07B44167D}"
EndProject
Project("{8BC9CEB8-8B4A-11D0-8D11-00A0C91BC942}") = "Chap6-1", "Chap6-1\Chap6-1.vcxproj", "{86CE931D-538F-4E8D-B44A-76FBEF518BD8}"
EndProject
Project("{8BC9CEB8-8B4A-11D0-8D11-00A0C91BC942}") = "Chap6-2", "Chap6-2\Chap6-2.vcxproj", "{6530F83B-9F8C-49FD-B603-0B108B70000F}"
EndProject
Project("{8BC9CEB8-8B4A-11D0-8D11-00A0C91BC942}") = "Chap6-3", "Chap6-3\Chap6-3.vcxproj", "{D378D12F-A0AE-4730-A17A-2B1C74E5CABC}"
EndProject
Project("{8BC9CEB8-8B4A-11D0-8D11-00A0C91BC942}") = "Chap6-4", "Chap6-4\Chap6-4.vcxproj", "{12F325C6-B4F2-4DD0-91D5-1F11F20EFC9F}"
EndProject
Project("{8BC9CEB8-8B4A-11D0-8D11-00A0C91BC942}") = "Chap6-5", "Chap6-5\Chap6-5.vcxproj", "{F650DFE5-AE01-4DBA-AEF5-011C30D4386A}"
EndProject
Project("{8BC9CEB8-8B4A-11D0-8D11-00A0C91BC942}") = "Chap6-6", "Chap6-6\Chap6-6.vcxproj", "{646DB23B-EA9D-4866-A010-035CD8AD6AAD}"
EndProject
Global
	GlobalSection(SolutionConfigurationPlatforms) = preSolution
		Debug|x64 = Debug|x64
		Debug|x86 = Debug|x86
		Release|x64 = Release|x64
		Release|x86 = Release|x86
	EndGlobalSection
	GlobalSection(ProjectConfigurationPlatforms) = postSolution
		{930CAAB2-C10E-4009-9B4C-C9B09DE4DC82}.Debug|x64.ActiveCfg = Debug|x64
		{930CAAB2-C10E-4009-9B4C-C9B09DE4DC82}.Debug|x64.Build.0 = Debug|x64
		{930CAAB2-C10E-4009-9B4C-C9B09DE4DC82}.Debug|x86.ActiveCfg = Debug|Win32
		{930CAAB2-C10E-4009-9B4C-C9B09DE4DC82}.Debug|x86.Build.0 = Debug|Win32
		{930CAAB2-C10E-4009-9B4C-C9B09DE4DC82}.Release|x64.ActiveCfg = Release|x64
		{930CAAB2-C10E-4009-9B4C-C9B09DE4DC82}.Release|x64.Build.0 = Release|x64
		{930CAAB2-C10E-4009-9B4C-C9B09DE4DC82}.Release|x86.ActiveCfg = Release|Win32
		{930CAAB2-C10E-4009-9B4C-C9B09DE4DC82}.Release|x86.Build.0 = Release|Win32
		{8A4B41B4-0B04-4661-BBDD-E35E708F90C2}.Debug|x64.ActiveCfg = Debug|x64
		{8A4B41B4-0B04-4661-BBDD-E35E708F90C2}.Debug|x64.Build.0 = Debug|x64
		{8A4B41B4-0B04-4661-BBDD-E35E708F90C2}.Debug|x86.ActiveCfg = Debug|Win32
		{8A4B41B4-0B04-4661-BBDD-E35E708F90C2}.Debug|x86.Build.0 = Debug|Win32
		{8A4B41B4-0B04-4661-BBDD-E35E708F90C2}.Release|x64.ActiveCfg = Release|x64
		{8A4B41B4-0B04-4661-BBDD-E35E708F90C2}.Release|x64.Build.0 = Release|x64
		{8A4B41B4-0B04-4661-BBDD-E35E708F90C2}.Release|x86.ActiveCfg = Release|Win32
		{8A4B41B4-0B04-4661-BBDD-E35E708F90C2}.Release|x86.Build.0 = Release|Win32
		{931BF544-F46C-4AD1-87D7-E10695E49EC5}.Debug|x64.ActiveCfg = Debug|x64
		{931BF544-F46C-4AD1-87D7-E10695E49EC5}.Debug|x64.Build.0 = Debug|x64
		{931BF544-F46C-4AD1-87D7-E10695E49EC5}.Debug|x86.ActiveCfg = Debug|Win32
		{931BF544-F46C-4AD1-87D7-E10695E49EC5}.Debug|x86.Build.0 = Debug|Win32
		{931BF544-F46C-4AD1-87D7-E10695E49EC5}.Release|x64.ActiveCfg = Release|x64
		{931BF544-F46C-4AD1-87D7-E10695E49EC5}.Release|x64.Build.0 = Release|x64
		{931BF544-F46C-4AD1-87D7-E10695E49EC5}.Release|x86.ActiveCfg = Release|Win32
		{931BF544-F46C-4AD1-87D7-E10695E49EC5}.Release|x86.Build.0 = Release|Win32
		{68103279-0492-4886-9D9C-E9B9B2043BA2}.Debug|x64.ActiveCfg = Debug|x64
		{68103279-0492-4886-9D9C-E9B9B2043BA2}.Debug|x64.Build.0 = Debug|x64
		{68103279-0492-4886-9D9C-E9B9B2043BA2}.Debug|x86.ActiveCfg = Debug|Win32
		{68103279-0492-4886-9D9C-E9B9B2043BA2}.Debug|x86.Build.0 = Debug|Win32
		{68103279-0492-4886-9D9C-E9B9B2043BA2}.Release|x64.ActiveCfg = Release|x64
		{68103279-0492-4886-9D9C-E9B9B2043BA2}.Release|x64.Build.0 = Release|x64
		{68103279-0492-4886-9D9C-E9B9B2043BA2}.Release|x86.ActiveCfg = Release|Win32
		{68103279-0492-4886-9D9C-E9B9B2043BA2}.Release|x86.Build.0 = Release|Win32
		{50E29FD0-A678-4956-BAEC-38BCC756E0BB}.Debug|x64.ActiveCfg = Debug|x64
		{50E29FD0-A678-4956-BAEC-38BCC756E0BB}.Debug|x64.Build.0 = Debug|x64
		{50E29FD0-A678-4956-BAEC-38BCC756E0BB}.Debug|x86.ActiveCfg = Debug|Win32
		{50E29FD0-A678-4956-BAEC-38BCC756E0BB}.Debug|x86.Build.0 = Debug|Win32
		{50E29FD0-A678-4956-BAEC-38BCC756E0BB}.Release|x64.ActiveCfg = Release|x64
		{50E29FD0-A678-4956-BAEC-38BCC756E0BB}.Release|x64.Build.0 = Release|x64
		{50E29FD0-A678-4956-BAEC-38BCC756E0BB}.Release|x86.ActiveCfg = Release|Win32
		{50E29FD0-A678-4956-BAEC-38BCC756E0BB}.Release|x86.Build.0 = Release|Win32
		{6A584E48-4F4E-4E43-827F-AEC2C42F2F7F}.Debug|x64.ActiveCfg = Debug|x64
		{6A584E48-4F4E-4E43-827F-AEC2C42F2F7F}.Debug|x64.Build.0 = Debug|x64
		{6A584E48-4F4E-4E43-827F-AEC2C42F2F7F}.Debug|x86.ActiveCfg = Debug|Win32
		{6A584E48-4F4E-4E43-827F-AEC2C42F2F7F}.Debug|x86.Build.0 = Debug|Win32
		{6A584E48-4F4E-4E43-827F-AEC2C42F2F7F}.Release|x64.ActiveCfg = Release|x64
		{6A584E48-4F4E-4E43-827F-AEC2C42F2F7F}.Release|x64.Build.0 = Release|x64
		{6A584E48-4F4E-4E43-827F-AEC2C42F2F7F}.Release|x86.ActiveCfg = Release|Win32
		{6A584E48-4F4E-4E43-827F-AEC2C42F2F7F}.Release|x86.Build.0 = Release|Win32
		{AF07001C-B2FC-471B-8211-E7631BF602BD}.Debug|x64.ActiveCfg = Debug|x64
		{AF07001C-B2FC-471B-8211-E7631BF602BD}.Debug|x64.Build.0 = Debug|x64
		{AF07001C-B2FC-471B-8211-E7631BF602BD}.Debug|x86.ActiveCfg = Debug|Win32
		{AF07001C-B2FC-471B-8211-E7631BF602BD}.Debug|x86.Build.0 = Debug|Win32
		{AF07001C-B2FC-471B-8211-E7631BF602BD}.Release|x64.ActiveCfg = Release|x64
		{AF07001C-B2FC-471B-8211-E7631BF602BD}.Release|x64.Build.0 = Release|x64
		{AF07001C-B2FC-471B-8211-E7631BF602BD}.Release|x86.ActiveCfg = Release|Win32
		{AF07001C-B2FC-471B-8211-E7631BF602BD}.Release|x86.Build.0 = Release|Win32
		{5E5E414B-CA9A-4327-8D51-6A9CB2F5100B}.Debug|x64.ActiveCfg = Debug|x64
		{5E5E414B-CA9A-4327-8D51-6A9CB2F5100B}.Debug|x64.Build.0 = Debug|x64
		{5E5E414B-CA9A-4327-8D51-6A9CB2F5100B}.Debug|x86.ActiveCfg = Debug|Win32
		{5E5E414B-CA9A-4327-8D51-6A9CB2F5100B}.Debug|x86.Build.0 = Debug|Win32
		{5E5E414B-CA9A-4327-8D51-6A9CB2F5100B}.Release|x64.ActiveCfg = Release|x64
		{5E5E414B-CA9A-4327-8D51-6A9CB2F5100B}.Release|x64.Build.0 = Release|x64
		{5E5E414B-CA9A-4327-8D51-6A9CB2F5100B}.Release|x86.ActiveCfg = Release|Win32
		{5E5E414B-CA9A-4327-8D51-6A9CB2F5100B}.Release|x86.Build.0 = Release|Win32
		{639715D8-F996-422B-99D5-8557D2502345}.Debug|x64.ActiveCfg = Debug|x64
		{639715D8-F996-422B-99D5-8557D2502345}.Debug|x64.Build.0 = Debug|x64
		{639715D8-F996-422B-99D5-8557D2502345}.Debug|x86.ActiveCfg = Debug|Win32
		{639715D8-F996-422B-99D5-8557D2502345}.Debug|x86.Build.0 = Debug|Win32
		{639715D8-F996-422B-99D5-8557D2502345}.Release|x64.ActiveCfg = Release|x64
		{639715D8-F996-422B-99D5-8557D2502345}.Release|x64.Build.0 = Release|x64
		{639715D8-F996-422B-99D5-8557D2502345}.Release|x86.ActiveCfg = Release|Win32
		{639715D8-F996-422B-99D5-8557D2502345}.Release|x86.Build.0 = Release|Win32
		{C0E6CA29-62C9-400A-A66E-67B1AD43FBB2}.Debug|x64.ActiveCfg = Debug|x64
		{C0E6CA29-62C9-400A-A66E-67B1AD43FBB2}.Debug|x64.Build.0 = Debug|x64
		{C0E6CA29-62C9-400A-A66E-67B1AD43FBB2}.Debug|x86.ActiveCfg = Debug|Win32
		{C0E6CA29-62C9-400A-A66E-67B1AD43FBB2}.Debug|x86.Build.0 = Debug|Win32
		{C0E6CA29-62C9-400A-A66E-67B1AD43FBB2}.Release|x64.ActiveCfg = Release|x64
		{C0E6CA29-62C9-400A-A66E-67B1AD43FBB2}.Release|x64.Build.0 = Release|x64
		{C0E6CA29-62C9-400A-A66E-67B1AD43FBB2}.Release|x86.ActiveCfg = Release|Win32
		{C0E6CA29-62C9-400A-A66E-67B1AD43FBB2}.Release|x86.Build.0 = Release|Win32
		{626F0108-42A8-439B-ACF3-5B53A9B37A80}.Debug|x64.ActiveCfg = Debug|x64
		{626F0108-42A8-439B-ACF3-5B53A9B37A80}.Debug|x64.Build.0 = Debug|x64
		{626F0108-42A8-439B-ACF3-5B53A9B37A80}.Debug|x86.ActiveCfg = Debug|Win32
		{626F0108-42A8-439B-ACF3-5B53A9B37A80}.Debug|x86.Build.0 = Debug|Win32
		{626F0108-42A8-439B-ACF3-5B53A9B37A80}.Release|x64.ActiveCfg = Release|x64
		{626F0108-42A8-439B-ACF3-5B53A9B37A80}.Release|x64.Build.0 = Release|x64
		{626F0108-42A8-439B-ACF3-5B53A9B37A80}.Release|x86.ActiveCfg = Release|Win32
		{626F0108-42A8-439B-ACF3-5B53A9B37A80}.Release|x86.Build.0 = Release|Win32
		{9C32FBA3-DC1F-4D3C-996E-14B7E6B4B3E4}.Debug|x64.ActiveCfg = Debug|x64
		{9C32FBA3-DC1F-4D3C-996E-14B7E6B4B3E4}.Debug|x64.Build.0 = Debug|x64
		{9C32FBA3-DC1F-4D3C-996E-14B7E6B4B3E4}.Debug|x86.ActiveCfg = Debug|Win32
		{9C32FBA3-DC1F-4D3C-996E-14B7E6B4B3E4}.Debug|x86.Build.0 = Debug|Win32
		{9C32FBA3-DC1F-4D3C-996E-14B7E6B4B3E4}.Release|x64.ActiveCfg = Release|x64
		{9C32FBA3-DC1F-4D3C-996E-14B7E6B4B3E4}.Release|x64.Build.0 = Release|x64
		{9C32FBA3-DC1F-4D3C-996E-14B7E6B4B3E4}.Release|x86.ActiveCfg = Release|Win32
		{9C32FBA3-DC1F-4D3C-996E-14B7E6B4B3E4}.Release|x86.Build.0 = Release|Win32
		{173A817C-0482-47FF-B0CD-1D9E2C8C5495}.Debug|x64.ActiveCfg = Debug|x64
		{173A817C-0482-47FF-B0CD-1D9E2C8C5495}.Debug|x64.Build.0 = Debug|x64
		{173A817C-0482-47FF-B0CD-1D9E2C8C5495}.Debug|x86.ActiveCfg = Debug|Win32
		{173A817C-0482-47FF-B0CD-1D9E2C8C5495}.Debug|x86.Build.0 = Debug|Win32
		{173A817C-0482-47FF-B0CD-1D9E2C8C5495}.Release|x64.ActiveCfg = Release|x64
		{173A817C-0482-47FF-B0CD-1D9E2C8C5495}.Release|x64.Build.0 = Release|x64
		{173A817C-0482-47FF-B0CD-1D9E2C8C5495}.Release|x86.ActiveCfg = Release|Win32
		{173A817C-0482-47FF-B0CD-1D9E2C8C5495}.Release|x86.Build.0 = Release|Win32
		{F6018699-C4E1-4D55-BAC6-BE79935CEA28}.Debug|x64.ActiveCfg = Debug|x64
		{F6018699-C4E1-4D55-BAC6-BE79935CEA28}.Debug|x64.Build.0 = Debug|x64
		{F6018699-C4E1-4D55-BAC6-BE79935CEA28}.Debug|x86.ActiveCfg = Debug|Win32
		{F6018699-C4E1-4D55-BAC6-BE79935CEA28}.Debug|x86.Build.0 = Debug|Win32
		{F6018699-C4E1-4D55-BAC6-BE79935CEA28}.Release|x64.ActiveCfg = Release|x64
		{F6018699-C4E1-4D55-BAC6-BE79935CEA28}.Release|x64.Build.0 = Release|x64
		{F6018699-C4E1-4D55-BAC6-BE79935CEA28}.Release|x86.ActiveCfg = Release|Win32
		{F6018699-C4E1-4D55-BAC6-BE79935CEA28}.Release|x86.Build.0 = Release|Win32
		{56CB837E-C1A8-4431-B1F0-B9FD086FAFC2}.Debug|x64.ActiveCfg = Debug|x64
		{56CB837E-C1A8-4431-B1F0-B9FD086FAFC2}.Debug|x64.Build.0 = Debug|x64
		{56CB837E-C1A8-4431-B1F0-B9FD086FAFC2}.Debug|x86.ActiveCfg = Debug|Win32
		{56CB837E-C1A8-4431-B1F0-B9FD086FAFC2}.Debug|x86.Build.0 = Debug|Win32
		{56CB837E-C1A8-4431-B1F0-B9FD086FAFC2}.Release|x64.ActiveCfg = Release|x64
		{56CB837E-C1A8-4431-B1F0-B9FD086FAFC2}.Release|x64.Build.0 = Release|x64
		{56CB837E-C1A8-4431-B1F0-B9FD086FAFC2}.Release|x86.ActiveCfg = Release|Win32
		{56CB837E-C1A8-4431-B1F0-B9FD086FAFC2}.Release|x86.Build.0 = Release|Win32
		{EC944D4C-1D4F-4DBD-B1A0-87BB7A817BD6}.Debug|x64.ActiveCfg = Debug|x64
		{EC944D4C-1D4F-4DBD-B1A0-87BB7A817BD6}.Debug|x64.Build.0 = Debug|x64
		{EC944D4C-1D4F-4DBD-B1A0-87BB7A817BD6}.Debug|x86.ActiveCfg = Debug|Win32
		{EC944D4C-1D4F-4DBD-B1A0-87BB7A817BD6}.Debug|x86.Build.0 = Debug|Win32
		{EC944D4C-1D4F-4DBD-B1A0-87BB7A817BD6}.Release|x64.ActiveCfg = Release|x64
		{EC944D4C-1D4F-4DBD-B1A0-87BB7A817BD6}.Release|x64.Build.0 = Release|x64
		{EC944D4C-1D4F-4DBD-B1A0-87BB7A817BD6}.Release|x86.ActiveCfg = Release|Win32
		{EC944D4C-1D4F-4DBD-B1A0-87BB7A817BD6}.Release|x86.Build.0 = Release|Win32
		{8682217D-36D0-4613-9CA4-7D66ACBD56AC}.Debug|x64.ActiveCfg = Debug|x64
		{8682217D-36D0-4613-9CA4-7D66ACBD56AC}.Debug|x64.Build.0 = Debug|x64
		{8682217D-36D0-4613-9CA4-7D66ACBD56AC}.Debug|x86.ActiveCfg = Debug|Win32
		{8682217D-36D0-4613-9CA4-7D66ACBD56AC}.Debug|x86.Build.0 = Debug|Win32
		{8682217D-36D0-4613-9CA4-7D66ACBD56AC}.Release|x64.ActiveCfg = Release|x64
		{8682217D-36D0-4613-9CA4-7D66ACBD56AC}.Release|x64.Build.0 = Release|x64
		{8682217D-36D0-4613-9CA4-7D66ACBD56AC}.Release|x86.ActiveCfg = Release|Win32
		{8682217D-36D0-4613-9CA4-7D66ACBD56AC}.Release|x86.Build.0 = Release|Win32
		{582F66D5-0F11-4EF6-A4FC-048E9AE18B95}.Debug|x64.ActiveCfg = Debug|x64
		{582F66D5-0F11-4EF6-A4FC-048E9AE18B95}.Debug|x64.Build.0 = Debug|x64
		{582F66D5-0F11-4EF6-A4FC-048E9AE18B95}.Debug|x86.ActiveCfg = Debug|Win32
		{582F66D5-0F11-4EF6-A4FC-048E9AE18B95}.Debug|x86.Build.0 = Debug|Win32
		{582F66D5-0F11-4EF6-A4FC-048E9AE18B95}.Release|x64.ActiveCfg = Release|x64
		{582F66D5-0F11-4EF6-A4FC-048E9AE18B95}.Release|x64.Build.0 = Release|x64
		{582F66D5-0F11-4EF6-A4FC-048E9AE18B95}.Release|x86.ActiveCfg = Release|Win32
		{582F66D5-0F11-4EF6-A4FC-048E9AE18B95}.Release|x86.Build.0 = Release|Win32
		{C98DE277-3C58-491B-AFFD-55FEB8B78684}.Debug|x64.ActiveCfg = Debug|x64
		{C98DE277-3C58-491B-AFFD-55FEB8B78684}.Debug|x64.Build.0 = Debug|x64
		{C98DE277-3C58-491B-AFFD-55FEB8B78684}.Debug|x86.ActiveCfg = Debug|Win32
		{C98DE277-3C58-491B-AFFD-55FEB8B78684}.Debug|x86.Build.0 = Debug|Win32
		{C98DE277-3C58-491B-AFFD-55FEB8B78684}.Release|x64.ActiveCfg = Release|x64
		{C98DE277-3C58-491B-AFFD-55FEB8B78684}.Release|x64.Build.0 = Release|x64
		{C98DE277-3C58-491B-AFFD-55FEB8B78684}.Release|x86.ActiveCfg = Release|Win32
		{C98DE277-3C58-491B-AFFD-55FEB8B78684}.Release|x86.Build.0 = Release|Win32
		{7DB5665B-DD73-4376-A1ED-A863EA606A4D}.Debug|x64.ActiveCfg = Debug|x64
		{7DB5665B-DD73-4376-A1ED-A863EA606A4D}.Debug|x64.Build.0 = Debug|x64
		{7DB5665B-DD73-4376-A1ED-A863EA606A4D}.Debug|x86.ActiveCfg = Debug|Win32
		{7DB5665B-DD73-4376-A1ED-A863EA606A4D}.Debug|x86.Build.0 = Debug|Win32
		{7DB5665B-DD73-4376-A1ED-A863EA606A4D}.Release|x64.ActiveCfg = Release|x64
		{7DB5665B-DD73-4376-A1ED-A863EA606A4D}.Release|x64.Build.0 = Release|x64
		{7DB5665B-DD73-4376-A1ED-A863EA606A4D}.Release|x86.ActiveCfg = Release|Win32
		{7DB5665B-DD73-4376-A1ED-A863EA606A4D}.Release|x86.Build.0 = Release|Win32
		{9B9A11D2-D2D9-4A9C-A8B1-EC89AE92EE43}.Debug|x64.ActiveCfg = Debug|x64
		{9B9A11D2-D2D9-4A9C-A8B1-EC89AE92EE43}.Debug|x64.Build.0 = Debug|x64
		{9B9A11D2-D2D9-4A9C-A8B1-EC89AE92EE43}.Debug|x86.ActiveCfg = Debug|Win32
		{9B9A11D2-D2D9-4A9C-A8B1-EC89AE92EE43}.Debug|x86.Build.0 = Debug|Win32
		{9B9A11D2-D2D9-4A9C-A8B1-EC89AE92EE43}.Release|x64.ActiveCfg = Release|x64
		{9B9A11D2-D2D9-4A9C-A8B1-EC89AE92EE43}.Release|x64.Build.0 = Release|x64
		{9B9A11D2-D2D9-4A9C-A8B1-EC89AE92EE43}.Release|x86.ActiveCfg = Release|Win32
		{9B9A11D2-D2D9-4A9C-A8B1-EC89AE92EE43}.Release|x86.Build.0 = Release|Win32
		{CA9F7A54-1676-46D7-BC4D-744B8464CA7A}.Debug|x64.ActiveCfg = Debug|x64
		{CA9F7A54-1676-46D7-BC4D-744B8464CA7A}.Debug|x64.Build.0 = Debug|x64
		{CA9F7A54-1676-46D7-BC4D-744B8464CA7A}.Debug|x86.ActiveCfg = Debug|Win32
		{CA9F7A54-1676-46D7-BC4D-744B8464CA7A}.Debug|x86.Build.0 = Debug|Win32
		{CA9F7A54-1676-46D7-BC4D-744B8464CA7A}.Release|x64.ActiveCfg = Release|x64
		{CA9F7A54-1676-46D7-BC4D-744B8464CA7A}.Release|x64.Build.0 = Release|x64
		{CA9F7A54-1676-46D7-BC4D-744B8464CA7A}.Release|x86.ActiveCfg = Release|Win32
		{CA9F7A54-1676-46D7-BC4D-744B8464CA7A}.Release|x86.Build.0 = Release|Win32
		{AC90CEEA-46B8-410D-92FF-42EB05A8C27C}.Debug|x64.ActiveCfg = Debug|x64
		{AC90CEEA-46B8-410D-92FF-42EB05A8C27C}.Debug|x64.Build.0 = Debug|x64
		{AC90CEEA-46B8-410D-92FF-42EB05A8C27C}.Debug|x86.ActiveCfg = Debug|Win32
		{AC90CEEA-46B8-410D-92FF-42EB05A8C27C}.Debug|x86.Build.0 = Debug|Win32
		{AC90CEEA-46B8-410D-92FF-42EB05A8C27C}.Release|x64.ActiveCfg = Release|x64
		{AC90CEEA-46B8-410D-92FF-42EB05A8C27C}.Release|x64.Build.0 = Release|x64
		{AC90CEEA-46B8-410D-92FF-42EB05A8C27C}.Release|x86.ActiveCfg = Release|Win32
		{AC90CEEA-46B8-410D-92FF-42EB05A8C27C}.Release|x86.Build.0 = Release|Win32
		{652E1AF7-AAE6-43B8-947E-6BC6353CD8CE}.Debug|x64.ActiveCfg = Debug|x64
		{652E1AF7-AAE6-43B8-947E-6BC6353CD8CE}.Debug|x64.Build.0 = Debug|x64
		{652E1AF7-AAE6-43B8-947E-6BC6353CD8CE}.Debug|x86.ActiveCfg = Debug|Win32
		{652E1AF7-AAE6-43B8-947E-6BC6353CD8CE}.Debug|x86.Build.0 = Debug|Win32
		{652E1AF7-AAE6-43B8-947E-6BC6353CD8CE}.Release|x64.ActiveCfg = Release|x64
		{652E1AF7-AAE6-43B8-947E-6BC6353CD8CE}.Release|x64.Build.0 = Release|x64
		{652E1AF7-AAE6-43B8-947E-6BC6353CD8CE}.Release|x86.ActiveCfg = Release|Win32
		{652E1AF7-AAE6-43B8-947E-6BC6353CD8CE}.Release|x86.Build.0 = Release|Win32
		{20314653-2B5B-44D6-AD09-0DF9870B7F2B}.Debug|x64.ActiveCfg = Debug|x64
		{20314653-2B5B-44D6-AD09-0DF9870B7F2B}.Debug|x64.Build.0 = Debug|x64
		{20314653-2B5B-44D6-AD09-0DF9870B7F2B}.Debug|x86.ActiveCfg = Debug|Win32
		{20314653-2B5B-44D6-AD09-0DF9870B7F2B}.Debug|x86.Build.0 = Debug|Win32
		{20314653-2B5B-44D6-AD09-0DF9870B7F2B}.Release|x64.ActiveCfg = Release|x64
		{20314653-2B5B-44D6-AD09-0DF9870B7F2B}.Release|x64.Build.0 = Release|x64
		{20314653-2B5B-44D6-AD09-0DF9870B7F2B}.Release|x86.ActiveCfg = Release|Win32
		{20314653-2B5B-44D6-AD09-0DF9870B7F2B}.Release|x86.Build.0 = Release|Win32
		{7C28E007-BBE0-4DA2-A546-DB0485AE156D}.Debug|x64.ActiveCfg = Debug|x64
		{7C28E007-BBE0-4DA2-A546-DB0485AE156D}.Debug|x64.Build.0 = Debug|x64
		{7C28E007-BBE0-4DA2-A546-DB0485AE156D}.Debug|x86.ActiveCfg = Debug|Win32
		{7C28E007-BBE0-4DA2-A546-DB0485AE156D}.Debug|x86.Build.0 = Debug|Win32
		{7C28E007-BBE0-4DA2-A546-DB0485AE156D}.Release|x64.ActiveCfg = Release|x64
		{7C28E007-BBE0-4DA2-A546-DB0485AE156D}.Release|x64.Build.0 = Release|x64
		{7C28E007-BBE0-4DA2-A546-DB0485AE156D}.Release|x86.ActiveCfg = Release|Win32
		{7C28E007-BBE0-4DA2-A546-DB0485AE156D}.Release|x86.Build.0 = Release|Win32
		{B6F4F945-B86C-4BFA-9412-FD5B22157121}.Debug|x64.ActiveCfg = Debug|x64
		{B6F4F945-B86C-4BFA-9412-FD5B22157121}.Debug|x64.Build.0 = Debug|x64
		{B6F4F945-B86C-4BFA-9412-FD5B22157121}.Debug|x86.ActiveCfg = Debug|Win32
		{B6F4F945-B86C-4BFA-9412-FD5B22157121}.Debug|x86.Build.0 = Debug|Win32
		{B6F4F945-B86C-4BFA-9412-FD5B22157121}.Release|x64.ActiveCfg = Release|x64
		{B6F4F945-B86C-4BFA-9412-FD5B22157121}.Release|x64.Build.0 = Release|x64
		{B6F4F945-B86C-4BFA-9412-FD5B22157121}.Release|x86.ActiveCfg = Release|Win32
		{B6F4F945-B86C-4BFA-9412-FD5B22157121}.Release|x86.Build.0 = Release|Win32
		{94F2416F-3B99-4844-AC0E-A0B07B44167D}.Debug|x64.ActiveCfg = Debug|x64
		{94F2416F-3B99-4844-AC0E-A0B07B44167D}.Debug|x64.Build.0 = Debug|x64
		{94F2416F-3B99-4844-AC0E-A0B07B44167D}.Debug|x86.ActiveCfg = Debug|Win32
		{94F2416F-3B99-4844-AC0E-A0B07B44167D}.Debug|x86.Build.0 = Debug|Win32
		{94F2416F-3B99-4844-AC0E-A0B07B44167D}.Release|x64.ActiveCfg = Release|x64
		{94F2416F-3B99-4844-AC0E-A0B07B44167D}.Release|x64.Build.0 = Release|x64
		{94F2416F-3B99-4844-AC0E-A0B07B44167D}.Release|x86.ActiveCfg = Release|Win32
		{94F2416F-3B99-4844-AC0E-A0B07B44167D}.Release|x86.Build.0 = Release|Win32
		{86CE931D-538F-4E8D-B44A-76FBEF518BD8}.Debug|x64.ActiveCfg = Debug|x64
		{86CE931D-538F-4E8D-B44A-76FBEF518BD8}.Debug|x64.Build.0 = Debug|x64
		{86CE931D-538F-4E8D-B44A-76FBEF518BD8}.Debug|x86.ActiveCfg = Debug|Win32
		{86CE931D-538F-4E8D-B44A-76FBEF518BD8}.Debug|x86.Build.0 = Debug|Win32
		{86CE931D-538F-4E8D-B44A-76FBEF518BD8}.Release|x64.ActiveCfg = Release|x64
		{86CE931D-538F-4E8D-B44A-76FBEF518BD8}.Release|x64.Build.0 = Release|x64
		{86CE931D-538F-4E8D-B44A-76FBEF518BD8}.Release|x86.ActiveCfg = Release|Win32
		{86CE931D-538F-4E8D-B44A-76FBEF518BD8}.Release|x86.Build.0 = Release|Win32
		{6530F83B-9F8C-49FD-B603-0B108B70000F}.Debug|x64.ActiveCfg = Debug|x64
		{6530F83B-9F8C-49FD-B603-0B108B70000F}.Debug|x64.Build.0 = Debug|x64
		{6530F83B-9F8C-49FD-B603-0B108B70000F}.Debug|x86.ActiveCfg = Debug|Win32
		{6530F83B-9F8C-49FD-B603-0B108B70000F}.Debug|x86.Build.0 = Debug|Win32
		{6530F83B-9F8C-49FD-B603-0B108B70000F}.Release|x64.ActiveCfg = Release|x64
		{6530F83B-9F8C-49FD-B603-0B108B70000F}.Release|x64.Build.0 = Release|x64
		{6530F83B-9F8C-49FD-B603-0B108B70000F}.Release|x86.ActiveCfg = Release|Win32
		{6530F83B-9F8C-49FD-B603-0B108B70000F}.Release|x86.Build.0 = Release|Win32
		{D378D12F-A0AE-4730-A17A-2B1C74E5CABC}.Debug|x64.ActiveCfg = Debug|x64
		{D378D12F-A0AE-4730-A17A-2B1C74E5CABC}.Debug|x64.Build.0 = Debug|x64
		{D378D12F-A0AE-4730-A17A-2B1C74E5CABC}.Debug|x86.ActiveCfg = Debug|Win32
		{D378D12F-A0AE-4730-A17A-2B1C74E5CABC}.Debug|x86.Build.0 = Debug|Win32
		{D378D12F-A0AE-4730-A17A-2B1C74E5CABC}.Release|x64.ActiveCfg = Release|x64
		{D378D12F-A0AE-4730-A17A-2B1C74E5CABC}.Release|x64.Build.0 = Release|x64
		{D378D12F-A0AE-4730-A17A-2B1C74E5CABC}.Release|x86.ActiveCfg = Release|Win32
		{D378D12F-A0AE-4730-A17A-2B1C74E5CABC}.Release|x86.Build.0 = Release|Win32
		{12F325C6-B4F2-4DD0-91D5-1F11F20EFC9F}.Debug|x64.ActiveCfg = Debug|x64
		{12F325C6-B4F2-4DD0-91D5-1F11F20EFC9F}.Debug|x64.Build.0 = Debug|x64
		{12F325C6-B4F2-4DD0-91D5-1F11F20EFC9F}.Debug|x86.ActiveCfg = Debug|Win32
		{12F325C6-B4F2-4DD0-91D5-1F11F20EFC9F}.Debug|x86.Build.0 = Debug|Win32
		{12F325C6-B4F2-4DD0-91D5-1F11F20EFC9F}.Release|x64.ActiveCfg = Release|x64
		{12F325C6-B4F2-4DD0-91D5-1F11F20EFC9F}.Release|x64.Build.0 = Release|x64
		{12F325C6-B4F2-4DD0-91D5-1F11F20EFC9F}.Release|x86.ActiveCfg = Release|Win32
		{12F325C6-B4F2-4DD0-91D5-1F11F20EFC9F}.Release|x86.Build.0 = Release|Win32
		{F650DFE5-AE01-4DBA-AEF5-011C30D4386A}.Debug|x64.ActiveCfg = Debug|x64
		{F650DFE5-AE01-4DBA-AEF5-011C30D4386A}.Debug|x64.Build.0 = Debug|x64
		{F650DFE5-AE01-4DBA-AEF5-011C30D4386A}.Debug|x86.ActiveCfg = Debug|Win32
		{F650DFE5-AE01-4DBA-AEF5-011C30D4386A}.Debug|x86.Build.0 = Debug|Win32
		{F650DFE5-AE01-4DBA-AEF5-011C30D4386A}.Release|x64.ActiveCfg = Release|x64
		{F650DFE5-AE01-4DBA-AEF5-011C30D4386A}.Release|x64.Build.0 = Release|x64
		{F650DFE5-AE01-4DBA-AEF5-011C30D4386A}.Release|x86.ActiveCfg = Release|Win32
		{F650DFE5-AE01-4DBA-AEF5-011C30D4386A}.Release|x86.Build.0 = Release|Win32
		{646DB23B-EA9D-4866-A010-035CD8AD6AAD}.Debug|x64.ActiveCfg = Debug|x64
		{646DB23B-EA9D-4866-A010-035CD8AD6AAD}.Debug|x64.Build.0 = Debug|x64
		{646DB23B-EA9D-4866-A010-035CD8AD6AAD}.Debug|x86.ActiveCfg = Debug|Win32
		{646DB23B-EA9D-4866-A010-035CD8AD6AAD}.Debug|x86.Build.0 = Debug|Win32
		{646DB23B-EA9D-4866-A010-035CD8AD6AAD}.Release|x64.ActiveCfg = Release|x64
		{646DB23B-EA9D-4866-A010-035CD8AD6AAD}.Release|x64.Build.0 = Release|x64
		{646DB23B-EA9D-4866-A010-035CD8AD6AAD}.Release|x86.ActiveCfg = Release|Win32
		{646DB23B-EA9D-4866-A010-035CD8AD6AAD}.Release|x86.Build.0 = Release|Win32
	EndGlobalSection
	GlobalSection(SolutionProperties) = preSolution
		HideSolutionNode = FALSE
	EndGlobalSection
	GlobalSection(ExtensibilityGlobals) = postSolution
		SolutionGuid = {098B308F-644F-4DB6-92A9-C16252DCB389}
	EndGlobalSection
EndGlobal
